{
  "name": "ble",
  "version": "0.1.0",
  "lockfileVersion": 1,
  "requires": true,
  "dependencies": {
    "react-native-ble-manager": {
      "version": "6.2.4",
      "resolved": "https://registry.npmjs.org/react-native-ble-manager/-/react-native-ble-manager-6.2.4.tgz",
      "integrity": "sha512-1dAnF/i9Jg2R8/ay/t/JkHWQzits1uIpxKg/wPY6F3V0eO85aqa0/B+Yzv4OYA3ppCggGSl+mcxzfEknEOAS5w=="
    }
  }
}
